{
    "name": "@spoonconsulting/cordova-plugin-thumbnail",
    "version": "1.0.2",
    "lockfileVersion": 2,
    "requires": true,
    "packages": {
        "": {
            "name": "@spoonconsulting/cordova-plugin-thumbnail",
            "version": "1.0.2",
            "license": "Apache 2.0",
            "engines": {
                "cordovaDependencies": {
                    "0.1.0": {
                        "cordova-plugin-file": "> 6.0.0"
                    }
                }
            }
        }
    }
}
